
Microsoft Visual Studio Solution File, Format Version 12.00
# Visual Studio 15
VisualStudioVersion = 15.0.28010.2048
MinimumVisualStudioVersion = 10.0.40219.1
Project("{FAE04EC0-301F-11D3-BF4B-00C04F79EFBC}") = "sudoku", "sudoku\sudoku.csproj", "{19FD1440-A172-47EF-A338-6DEE9FFF555F}"
EndProject
Global
	GlobalSection(SolutionConfigurationPlatforms) = preSolution
		Debug|Any CPU = Debug|Any CPU
		Release|Any CPU = Release|Any CPU
	EndGlobalSection
	GlobalSection(ProjectConfigurationPlatforms) = postSolution
		{19FD1440-A172-47EF-A338-6DEE9FFF555F}.Debug|Any CPU.ActiveCfg = Debug|Any CPU
		{19FD1440-A172-47EF-A338-6DEE9FFF555F}.Debug|Any CPU.Build.0 = Debug|Any CPU
		{19FD1440-A172-47EF-A338-6DEE9FFF555F}.Release|Any CPU.ActiveCfg = Release|Any CPU
		{19FD1440-A172-47EF-A338-6DEE9FFF555F}.Release|Any CPU.Build.0 = Release|Any CPU
	EndGlobalSection
	GlobalSection(SolutionProperties) = preSolution
		HideSolutionNode = FALSE
	EndGlobalSection
	GlobalSection(ExtensibilityGlobals) = postSolution
		SolutionGuid = {D9A6DBEB-8F84-4E10-A06B-BE4CFDD81567}
	EndGlobalSection
EndGlobal
